
Microsoft Visual Studio Solution File, Format Version 12.00
# Visual Studio 15
VisualStudioVersion = 15.0.28307.168
MinimumVisualStudioVersion = 10.0.40219.1
Project("{FAE04EC0-301F-11D3-BF4B-00C04F79EFBC}") = "ProyectoWeb", "ProyectoWeb\ProyectoWeb.csproj", "{81AD9CC0-BBA2-4F7C-A236-BBC9C7368C6B}"
EndProject
Global
	GlobalSection(SolutionConfigurationPlatforms) = preSolution
		Debug|Any CPU = Debug|Any CPU
		Release|Any CPU = Release|Any CPU
	EndGlobalSection
	GlobalSection(ProjectConfigurationPlatforms) = postSolution
		{81AD9CC0-BBA2-4F7C-A236-BBC9C7368C6B}.Debug|Any CPU.ActiveCfg = Debug|Any CPU
		{81AD9CC0-BBA2-4F7C-A236-BBC9C7368C6B}.Debug|Any CPU.Build.0 = Debug|Any CPU
		{81AD9CC0-BBA2-4F7C-A236-BBC9C7368C6B}.Release|Any CPU.ActiveCfg = Release|Any CPU
		{81AD9CC0-BBA2-4F7C-A236-BBC9C7368C6B}.Release|Any CPU.Build.0 = Release|Any CPU
	EndGlobalSection
	GlobalSection(SolutionProperties) = preSolution
		HideSolutionNode = FALSE
	EndGlobalSection
	GlobalSection(ExtensibilityGlobals) = postSolution
		SolutionGuid = {62844751-CFC3-4022-B0FE-CA8640292308}
	EndGlobalSection
EndGlobal
